// !$*UTF8*$!
{
	archiveVersion = 1;
	classes = {
	};
	objectVersion = 50;
	objects = {

/* Begin PBXBuildFile section */
		8150DF83220F0D6600232512 /* AppDelegate.swift in Sources */ = {isa = PBXBuildFile; fileRef = 8150DF82220F0D6600232512 /* AppDelegate.swift */; };
		8150DF85220F0D6600232512 /* ViewController.swift in Sources */ = {isa = PBXBuildFile; fileRef = 8150DF84220F0D6600232512 /* ViewController.swift */; };
		8150DF88220F0D6600232512 /* Main.storyboard in Resources */ = {isa = PBXBuildFile; fileRef = 8150DF86220F0D6600232512 /* Main.storyboard */; };
		8150DF8A220F0D6800232512 /* Assets.xcassets in Resources */ = {isa = PBXBuildFile; fileRef = 8150DF89220F0D6800232512 /* Assets.xcassets */; };
		8150DF8D220F0D6800232512 /* LaunchScreen.storyboard in Resources */ = {isa = PBXBuildFile; fileRef = 8150DF8B220F0D6800232512 /* LaunchScreen.storyboard */; };
		8150DF96220F0D9F00232512 /* PresentedFullScreenViewController.swift in Sources */ = {isa = PBXBuildFile; fileRef = 8150DF94220F0D9F00232512 /* PresentedFullScreenViewController.swift */; };
		8150DF97220F0D9F00232512 /* PresentedFullScreenViewController.xib in Resources */ = {isa = PBXBuildFile; fileRef = 8150DF95220F0D9F00232512 /* PresentedFullScreenViewController.xib */; };
		8150DF9C220F0DDD00232512 /* PresentedNotFullScreenViewController.swift in Sources */ = {isa = PBXBuildFile; fileRef = 8150DF9A220F0DDD00232512 /* PresentedNotFullScreenViewController.swift */; };
		8150DF9D220F0DDD00232512 /* PresentedNotFullScreenViewController.xib in Resources */ = {isa = PBXBuildFile; fileRef = 8150DF9B220F0DDD00232512 /* PresentedNotFullScreenViewController.xib */; };
		8150DFA0220F0DEC00232512 /* PopoverViewController.swift in Sources */ = {isa = PBXBuildFile; fileRef = 8150DF9E220F0DEC00232512 /* PopoverViewController.swift */; };
		8150DFA1220F0DEC00232512 /* PopoverViewController.xib in Resources */ = {isa = PBXBuildFile; fileRef = 8150DF9F220F0DEC00232512 /* PopoverViewController.xib */; };
		8150DFA4220F0DFF00232512 /* PushedViewController.swift in Sources */ = {isa = PBXBuildFile; fileRef = 8150DFA2220F0DFF00232512 /* PushedViewController.swift */; };
		8150DFA5220F0DFF00232512 /* PushedViewController.xib in Resources */ = {isa = PBXBuildFile; fileRef = 8150DFA3220F0DFF00232512 /* PushedViewController.xib */; };
/* End PBXBuildFile section */

/* Begin PBXFileReference section */
		8150DF7F220F0D6600232512 /* ReturnToViewController.app */ = {isa = PBXFileReference; explicitFileType = wrapper.application; includeInIndex = 0; path = ReturnToViewController.app; sourceTree = BUILT_PRODUCTS_DIR; };
		8150DF82220F0D6600232512 /* AppDelegate.swift */ = {isa = PBXFileReference; lastKnownFileType = sourcecode.swift; path = AppDelegate.swift; sourceTree = "<group>"; };
		8150DF84220F0D6600232512 /* ViewController.swift */ = {isa = PBXFileReference; lastKnownFileType = sourcecode.swift; path = ViewController.swift; sourceTree = "<group>"; };
		8150DF87220F0D6600232512 /* Base */ = {isa = PBXFileReference; lastKnownFileType = file.storyboard; name = Base; path = Base.lproj/Main.storyboard; sourceTree = "<group>"; };
		8150DF89220F0D6800232512 /* Assets.xcassets */ = {isa = PBXFileReference; lastKnownFileType = folder.assetcatalog; path = Assets.xcassets; sourceTree = "<group>"; };
		8150DF8C220F0D6800232512 /* Base */ = {isa = PBXFileReference; lastKnownFileType = file.storyboard; name = Base; path = Base.lproj/LaunchScreen.storyboard; sourceTree = "<group>"; };
		8150DF8E220F0D6800232512 /* Info.plist */ = {isa = PBXFileReference; lastKnownFileType = text.plist.xml; path = Info.plist; sourceTree = "<group>"; };
		8150DF94220F0D9F00232512 /* PresentedFullScreenViewController.swift */ = {isa = PBXFileReference; lastKnownFileType = sourcecode.swift; path = PresentedFullScreenViewController.swift; sourceTree = "<group>"; };
		8150DF95220F0D9F00232512 /* PresentedFullScreenViewController.xib */ = {isa = PBXFileReference; lastKnownFileType = file.xib; path = PresentedFullScreenViewController.xib; sourceTree = "<group>"; };
		8150DF9A220F0DDD00232512 /* PresentedNotFullScreenViewController.swift */ = {isa = PBXFileReference; lastKnownFileType = sourcecode.swift; path = PresentedNotFullScreenViewController.swift; sourceTree = "<group>"; };
		8150DF9B220F0DDD00232512 /* PresentedNotFullScreenViewController.xib */ = {isa = PBXFileReference; lastKnownFileType = file.xib; path = PresentedNotFullScreenViewController.xib; sourceTree = "<group>"; };
		8150DF9E220F0DEC00232512 /* PopoverViewController.swift */ = {isa = PBXFileReference; lastKnownFileType = sourcecode.swift; path = PopoverViewController.swift; sourceTree = "<group>"; };
		8150DF9F220F0DEC00232512 /* PopoverViewController.xib */ = {isa = PBXFileReference; lastKnownFileType = file.xib; path = PopoverViewController.xib; sourceTree = "<group>"; };
		8150DFA2220F0DFF00232512 /* PushedViewController.swift */ = {isa = PBXFileReference; lastKnownFileType = sourcecode.swift; path = PushedViewController.swift; sourceTree = "<group>"; };
		8150DFA3220F0DFF00232512 /* PushedViewController.xib */ = {isa = PBXFileReference; lastKnownFileType = file.xib; path = PushedViewController.xib; sourceTree = "<group>"; };
/* End PBXFileReference section */

/* Begin PBXFrameworksBuildPhase section */
		8150DF7C220F0D6600232512 /* Frameworks */ = {
			isa = PBXFrameworksBuildPhase;
			buildActionMask = 2147483647;
			files = (
			);
			runOnlyForDeploymentPostprocessing = 0;
		};
/* End PBXFrameworksBuildPhase section */

/* Begin PBXGroup section */
		8150DF76220F0D6600232512 = {
			isa = PBXGroup;
			children = (
				8150DF81220F0D6600232512 /* ReturnToViewController */,
				8150DF80220F0D6600232512 /* Products */,
			);
			sourceTree = "<group>";
		};
		8150DF80220F0D6600232512 /* Products */ = {
			isa = PBXGroup;
			children = (
				8150DF7F220F0D6600232512 /* ReturnToViewController.app */,
			);
			name = Products;
			sourceTree = "<group>";
		};
		8150DF81220F0D6600232512 /* ReturnToViewController */ = {
			isa = PBXGroup;
			children = (
				8150DF82220F0D6600232512 /* AppDelegate.swift */,
				8150DF84220F0D6600232512 /* ViewController.swift */,
				8150DF9A220F0DDD00232512 /* PresentedNotFullScreenViewController.swift */,
				8150DF9B220F0DDD00232512 /* PresentedNotFullScreenViewController.xib */,
				8150DF9E220F0DEC00232512 /* PopoverViewController.swift */,
				8150DF9F220F0DEC00232512 /* PopoverViewController.xib */,
				8150DF94220F0D9F00232512 /* PresentedFullScreenViewController.swift */,
				8150DF95220F0D9F00232512 /* PresentedFullScreenViewController.xib */,
				8150DFA2220F0DFF00232512 /* PushedViewController.swift */,
				8150DFA3220F0DFF00232512 /* PushedViewController.xib */,
				8150DF86220F0D6600232512 /* Main.storyboard */,
				8150DF89220F0D6800232512 /* Assets.xcassets */,
				8150DF8B220F0D6800232512 /* LaunchScreen.storyboard */,
				8150DF8E220F0D6800232512 /* Info.plist */,
			);
			path = ReturnToViewController;
			sourceTree = "<group>";
		};
/* End PBXGroup section */

/* Begin PBXNativeTarget section */
		8150DF7E220F0D6600232512 /* ReturnToViewController */ = {
			isa = PBXNativeTarget;
			buildConfigurationList = 8150DF91220F0D6800232512 /* Build configuration list for PBXNativeTarget "ReturnToViewController" */;
			buildPhases = (
				8150DF7B220F0D6600232512 /* Sources */,
				8150DF7C220F0D6600232512 /* Frameworks */,
				8150DF7D220F0D6600232512 /* Resources */,
			);
			buildRules = (
			);
			dependencies = (
			);
			name = ReturnToViewController;
			productName = ReturnToViewController;
			productReference = 8150DF7F220F0D6600232512 /* ReturnToViewController.app */;
			productType = "com.apple.product-type.application";
		};
/* End PBXNativeTarget section */

/* Begin PBXProject section */
		8150DF77220F0D6600232512 /* Project object */ = {
			isa = PBXProject;
			attributes = {
				LastSwiftUpdateCheck = 1010;
				LastUpgradeCheck = 1010;
				ORGANIZATIONNAME = "Matt Neuburg";
				TargetAttributes = {
					8150DF7E220F0D6600232512 = {
						CreatedOnToolsVersion = 10.1;
					};
				};
			};
			buildConfigurationList = 8150DF7A220F0D6600232512 /* Build configuration list for PBXProject "ReturnToViewController" */;
			compatibilityVersion = "Xcode 9.3";
			developmentRegion = en;
			hasScannedForEncodings = 0;
			knownRegions = (
				en,
				Base,
			);
			mainGroup = 8150DF76220F0D6600232512;
			productRefGroup = 8150DF80220F0D6600232512 /* Products */;
			projectDirPath = "";
			projectRoot = "";
			targets = (
				8150DF7E220F0D6600232512 /* ReturnToViewController */,
			);
		};
/* End PBXProject section */

/* Begin PBXResourcesBuildPhase section */
		8150DF7D220F0D6600232512 /* Resources */ = {
			isa = PBXResourcesBuildPhase;
			buildActionMask = 2147483647;
			files = (
				8150DF8D220F0D6800232512 /* LaunchScreen.storyboard in Resources */,
				8150DF9D220F0DDD00232512 /* PresentedNotFullScreenViewController.xib in Resources */,
				8150DFA1220F0DEC00232512 /* PopoverViewController.xib in Resources */,
				8150DF8A220F0D6800232512 /* Assets.xcassets in Resources */,
				8150DF97220F0D9F00232512 /* PresentedFullScreenViewController.xib in Resources */,
				8150DFA5220F0DFF00232512 /* PushedViewController.xib in Resources */,
				8150DF88220F0D6600232512 /* Main.storyboard in Resources */,
			);
			runOnlyForDeploymentPostprocessing = 0;
		};
/* End PBXResourcesBuildPhase section */

/* Begin PBXSourcesBuildPhase section */
		8150DF7B220F0D6600232512 /* Sources */ = {
			isa = PBXSourcesBuildPhase;
			buildActionMask = 2147483647;
			files = (
				8150DF85220F0D6600232512 /* ViewController.swift in Sources */,
				8150DF96220F0D9F00232512 /* PresentedFullScreenViewController.swift in Sources */,
				8150DFA0220F0DEC00232512 /* PopoverViewController.swift in Sources */,
				8150DFA4220F0DFF00232512 /* PushedViewController.swift in Sources */,
				8150DF9C220F0DDD00232512 /* PresentedNotFullScreenViewController.swift in Sources */,
				8150DF83220F0D6600232512 /* AppDelegate.swift in Sources */,
			);
			runOnlyForDeploymentPostprocessing = 0;
		};
/* End PBXSourcesBuildPhase section */

/* Begin PBXVariantGroup section */
		8150DF86220F0D6600232512 /* Main.storyboard */ = {
			isa = PBXVariantGroup;
			children = (
				8150DF87220F0D6600232512 /* Base */,
			);
			name = Main.storyboard;
			sourceTree = "<group>";
		};
		8150DF8B220F0D6800232512 /* LaunchScreen.storyboard */ = {
			isa = PBXVariantGroup;
			children = (
				8150DF8C220F0D6800232512 /* Base */,
			);
			name = LaunchScreen.storyboard;
			sourceTree = "<group>";
		};
/* End PBXVariantGroup section */

/* Begin XCBuildConfiguration section */
		8150DF8F220F0D6800232512 /* Debug */ = {
			isa = XCBuildConfiguration;
			buildSettings = {
				ALWAYS_SEARCH_USER_PATHS = NO;
				CLANG_ANALYZER_NONNULL = YES;
				CLANG_ANALYZER_NUMBER_OBJECT_CONVERSION = YES_AGGRESSIVE;
				CLANG_CXX_LANGUAGE_STANDARD = "gnu++14";
				CLANG_CXX_LIBRARY = "libc++";
				CLANG_ENABLE_MODULES = YES;
				CLANG_ENABLE_OBJC_ARC = YES;
				CLANG_ENABLE_OBJC_WEAK = YES;
				CLANG_WARN_BLOCK_CAPTURE_AUTORELEASING = YES;
				CLANG_WARN_BOOL_CONVERSION = YES;
				CLANG_WARN_COMMA = YES;
				CLANG_WARN_CONSTANT_CONVERSION = YES;
				CLANG_WARN_DEPRECATED_OBJC_IMPLEMENTATIONS = YES;
				CLANG_WARN_DIRECT_OBJC_ISA_USAGE = YES_ERROR;
				CLANG_WARN_DOCUMENTATION_COMMENTS = YES;
				CLANG_WARN_EMPTY_BODY = YES;
				CLANG_WARN_ENUM_CONVERSION = YES;
				CLANG_WARN_INFINITE_RECURSION = YES;
				CLANG_WARN_INT_CONVERSION = YES;
				CLANG_WARN_NON_LITERAL_NULL_CONVERSION = YES;
				CLANG_WARN_OBJC_IMPLICIT_RETAIN_SELF = YES;
				CLANG_WARN_OBJC_LITERAL_CONVERSION = YES;
				CLANG_WARN_OBJC_ROOT_CLASS = YES_ERROR;
				CLANG_WARN_RANGE_LOOP_ANALYSIS = YES;
				CLANG_WARN_STRICT_PROTOTYPES = YES;
				CLANG_WARN_SUSPICIOUS_MOVE = YES;
				CLANG_WARN_UNGUARDED_AVAILABILITY = YES_AGGRESSIVE;
				CLANG_WARN_UNREACHABLE_CODE = YES;
				CLANG_WARN__DUPLICATE_METHOD_MATCH = YES;
				CODE_SIGN_IDENTITY = "iPhone Developer";
				COPY_PHASE_STRIP = NO;
				DEBUG_INFORMATION_FORMAT = dwarf;
				ENABLE_STRICT_OBJC_MSGSEND = YES;
				ENABLE_TESTABILITY = YES;
				GCC_C_LANGUAGE_STANDARD = gnu11;
				GCC_DYNAMIC_NO_PIC = NO;
				GCC_NO_COMMON_BLOCKS = YES;
				GCC_OPTIMIZATION_LEVEL = 0;
				GCC_PREPROCESSOR_DEFINITIONS = (
					"DEBUG=1",
					"$(inherited)",
				);
				GCC_WARN_64_TO_32_BIT_CONVERSION = YES;
				GCC_WARN_ABOUT_RETURN_TYPE = YES_ERROR;
				GCC_WARN_UNDECLARED_SELECTOR = YES;
				GCC_WARN_UNINITIALIZED_AUTOS = YES_AGGRESSIVE;
				GCC_WARN_UNUSED_FUNCTION = YES;
				GCC_WARN_UNUSED_VARIABLE = YES;
				IPHONEOS_DEPLOYMENT_TARGET = 12.1;
				MTL_ENABLE_DEBUG_INFO = INCLUDE_SOURCE;
				MTL_FAST_MATH = YES;
				ONLY_ACTIVE_ARCH = YES;
				SDKROOT = iphoneos;
				SWIFT_ACTIVE_COMPILATION_CONDITIONS = DEBUG;
				SWIFT_OPTIMIZATION_LEVEL = "-Onone";
			};
			name = Debug;
		};
		8150DF90220F0D6800232512 /* Release */ = {
			isa = XCBuildConfiguration;
			buildSettings = {
				ALWAYS_SEARCH_USER_PATHS = NO;
				CLANG_ANALYZER_NONNULL = YES;
				CLANG_ANALYZER_NUMBER_OBJECT_CONVERSION = YES_AGGRESSIVE;
				CLANG_CXX_LANGUAGE_STANDARD = "gnu++14";
				CLANG_CXX_LIBRARY = "libc++";
				CLANG_ENABLE_MODULES = YES;
				CLANG_ENABLE_OBJC_ARC = YES;
				CLANG_ENABLE_OBJC_WEAK = YES;
				CLANG_WARN_BLOCK_CAPTURE_AUTORELEASING = YES;
				CLANG_WARN_BOOL_CONVERSION = YES;
				CLANG_WARN_COMMA = YES;
				CLANG_WARN_CONSTANT_CONVERSION = YES;
				CLANG_WARN_DEPRECATED_OBJC_IMPLEMENTATIONS = YES;
				CLANG_WARN_DIRECT_OBJC_ISA_USAGE = YES_ERROR;
				CLANG_WARN_DOCUMENTATION_COMMENTS = YES;
				CLANG_WARN_EMPTY_BODY = YES;
				CLANG_WARN_ENUM_CONVERSION = YES;
				CLANG_WARN_INFINITE_RECURSION = YES;
				CLANG_WARN_INT_CONVERSION = YES;
				CLANG_WARN_NON_LITERAL_NULL_CONVERSION = YES;
				CLANG_WARN_OBJC_IMPLICIT_RETAIN_SELF = YES;
				CLANG_WARN_OBJC_LITERAL_CONVERSION = YES;
				CLANG_WARN_OBJC_ROOT_CLASS = YES_ERROR;
				CLANG_WARN_RANGE_LOOP_ANALYSIS = YES;
				CLANG_WARN_STRICT_PROTOTYPES = YES;
				CLANG_WARN_SUSPICIOUS_MOVE = YES;
				CLANG_WARN_UNGUARDED_AVAILABILITY = YES_AGGRESSIVE;
				CLANG_WARN_UNREACHABLE_CODE = YES;
				CLANG_WARN__DUPLICATE_METHOD_MATCH = YES;
				CODE_SIGN_IDENTITY = "iPhone Developer";
				COPY_PHASE_STRIP = NO;
				DEBUG_INFORMATION_FORMAT = "dwarf-with-dsym";
				ENABLE_NS_ASSERTIONS = NO;
				ENABLE_STRICT_OBJC_MSGSEND = YES;
				GCC_C_LANGUAGE_STANDARD = gnu11;
				GCC_NO_COMMON_BLOCKS = YES;
				GCC_WARN_64_TO_32_BIT_CONVERSION = YES;
				GCC_WARN_ABOUT_RETURN_TYPE = YES_ERROR;
				GCC_WARN_UNDECLARED_SELECTOR = YES;
				GCC_WARN_UNINITIALIZED_AUTOS = YES_AGGRESSIVE;
				GCC_WARN_UNUSED_FUNCTION = YES;
				GCC_WARN_UNUSED_VARIABLE = YES;
				IPHONEOS_DEPLOYMENT_TARGET = 12.1;
				MTL_ENABLE_DEBUG_INFO = NO;
				MTL_FAST_MATH = YES;
				SDKROOT = iphoneos;
				SWIFT_COMPILATION_MODE = wholemodule;
				SWIFT_OPTIMIZATION_LEVEL = "-O";
				VALIDATE_PRODUCT = YES;
			};
			name = Release;
		};
		8150DF92220F0D6800232512 /* Debug */ = {
			isa = XCBuildConfiguration;
			buildSettings = {
				ASSETCATALOG_COMPILER_APPICON_NAME = AppIcon;
				CODE_SIGN_STYLE = Automatic;
				DEVELOPMENT_TEAM = W3LHX5RGV2;
				INFOPLIST_FILE = ReturnToViewController/Info.plist;
				LD_RUNPATH_SEARCH_PATHS = (
					"$(inherited)",
					"@executable_path/Frameworks",
				);
				PRODUCT_BUNDLE_IDENTIFIER = com.neuburg.matt.ReturnToViewController;
				PRODUCT_NAME = "$(TARGET_NAME)";
				SWIFT_VERSION = 4.2;
				TARGETED_DEVICE_FAMILY = "1,2";
			};
			name = Debug;
		};
		8150DF93220F0D6800232512 /* Release */ = {
			isa = XCBuildConfiguration;
			buildSettings = {
				ASSETCATALOG_COMPILER_APPICON_NAME = AppIcon;
				CODE_SIGN_STYLE = Automatic;
				DEVELOPMENT_TEAM = W3LHX5RGV2;
				INFOPLIST_FILE = ReturnToViewController/Info.plist;
				LD_RUNPATH_SEARCH_PATHS = (
					"$(inherited)",
					"@executable_path/Frameworks",
				);
				PRODUCT_BUNDLE_IDENTIFIER = com.neuburg.matt.ReturnToViewController;
				PRODUCT_NAME = "$(TARGET_NAME)";
				SWIFT_VERSION = 4.2;
				TARGETED_DEVICE_FAMILY = "1,2";
			};
			name = Release;
		};
/* End XCBuildConfiguration section */

/* Begin XCConfigurationList section */
		8150DF7A220F0D6600232512 /* Build configuration list for PBXProject "ReturnToViewController" */ = {
			isa = XCConfigurationList;
			buildConfigurations = (
				8150DF8F220F0D6800232512 /* Debug */,
				8150DF90220F0D6800232512 /* Release */,
			);
			defaultConfigurationIsVisible = 0;
			defaultConfigurationName = Release;
		};
		8150DF91220F0D6800232512 /* Build configuration list for PBXNativeTarget "ReturnToViewController" */ = {
			isa = XCConfigurationList;
			buildConfigurations = (
				8150DF92220F0D6800232512 /* Debug */,
				8150DF93220F0D6800232512 /* Release */,
			);
			defaultConfigurationIsVisible = 0;
			defaultConfigurationName = Release;
		};
/* End XCConfigurationList section */
	};
	rootObject = 8150DF77220F0D6600232512 /* Project object */;
}
